
Microsoft Visual Studio Solution File, Format Version 12.00
# Visual Studio Version 17
VisualStudioVersion = 17.5.33627.172
MinimumVisualStudioVersion = 10.0.40219.1
Project("{FAE04EC0-301F-11D3-BF4B-00C04F79EFBC}") = "FirstBlazorApp", "FirstBlazorApp.csproj", "{DA715C74-2AC1-4C16-B0C0-E69C3EEDE7FE}"
EndProject
Global
	GlobalSection(SolutionConfigurationPlatforms) = preSolution
		Debug|Any CPU = Debug|Any CPU
		Release|Any CPU = Release|Any CPU
	EndGlobalSection
	GlobalSection(ProjectConfigurationPlatforms) = postSolution
		{DA715C74-2AC1-4C16-B0C0-E69C3EEDE7FE}.Debug|Any CPU.ActiveCfg = Debug|Any CPU
		{DA715C74-2AC1-4C16-B0C0-E69C3EEDE7FE}.Debug|Any CPU.Build.0 = Debug|Any CPU
		{DA715C74-2AC1-4C16-B0C0-E69C3EEDE7FE}.Release|Any CPU.ActiveCfg = Release|Any CPU
		{DA715C74-2AC1-4C16-B0C0-E69C3EEDE7FE}.Release|Any CPU.Build.0 = Release|Any CPU
	EndGlobalSection
	GlobalSection(SolutionProperties) = preSolution
		HideSolutionNode = FALSE
	EndGlobalSection
	GlobalSection(ExtensibilityGlobals) = postSolution
		SolutionGuid = {CC716816-4E60-444F-BA21-ABE7D79B8247}
	EndGlobalSection
EndGlobal
